{
  "name": "js-framework-benchmark-micra",
  "version": "1.0.0",
  "lockfileVersion": 3,
  "requires": true,
  "packages": {
    "": {
      "name": "js-framework-benchmark-micra",
      "version": "1.0.0",
      "license": "Apache-2.0",
      "dependencies": {
        "micra.js": "2.3.2"
      }
    },
    "node_modules/micra.js": {
      "version": "2.3.2",
      "resolved": "https://registry.npmjs.org/micra.js/-/micra.js-2.3.2.tgz",
      "integrity": "sha512-uag6XySAWp6xSaDGwsFapTXdcvrAfxHCPgksVQb6NBgcdrkyuJTNGw2A8xLOMlfNUU5MjOUHH2l2K8XQZ5SuNw==",
      "license": "MIT"
    }
  }
}
