{
  "name": "js-framework-benchmark-micra",
  "version": "1.0.0",
  "lockfileVersion": 3,
  "requires": true,
  "packages": {
    "": {
      "name": "js-framework-benchmark-micra",
      "version": "1.0.0",
      "license": "Apache-2.0",
      "dependencies": {
        "micra.js": "2.5.0"
      }
    },
    "node_modules/micra.js": {
      "version": "2.5.0",
      "resolved": "https://registry.npmjs.org/micra.js/-/micra.js-2.5.0.tgz",
      "integrity": "sha512-E30fPd1tMetsuPifKBSAoeBodtr2pUapo64h/eE9HPL/kW26Z1s5pzB6yb+shzgWs2/1rEmu5nRjeceUXs3YaQ==",
      "license": "MIT"
    }
  }
}
