{
  "name": "js-framework-benchmark-vue",
  "version": "0.0.0",
  "lockfileVersion": 3,
  "requires": true,
  "packages": {
    "": {
      "name": "js-framework-benchmark-vue",
      "version": "0.0.0",
      "dependencies": {
        "vue": "^3.6.0-alpha.2"
      },
      "devDependencies": {
        "@vitejs/plugin-vue": "^6.0.0",
        "vite": "^7.0.5"
      }
    },
    "node_modules/@babel/helper-string-parser": {
      "version": "7.27.1",
      "resolved": "https://registry.npmjs.org/@babel/helper-string-parser/-/helper-string-parser-7.27.1.tgz",
      "integrity": "sha512-qMlSxKbpRlAridDExk92nSobyDdpPijUq2DW6oDnUqd0iOGxmQjyqhMIihI9+zv4LPyZdRje2cavWPbCbWm3eA==",
      "license": "MIT",
      "engines": {
        "node": ">=6.9.0"
      }
    },
    "node_modules/@babel/helper-validator-identifier": {
      "version": "7.27.1",
      "resolved": "https://registry.npmjs.org/@babel/helper-validator-identifier/-/helper-validator-identifier-7.27.1.tgz",
      "integrity": "sha512-D2hP9eA+Sqx1kBZgzxZh0y1trbuU+JoDkiEwqhQ36nodYqJwyEIhPSdMNd7lOm/4io72luTPWH20Yda0xOuUow==",
      "license": "MIT",
      "engines": {
        "node": ">=6.9.0"
      }
    },
    "node_modules/@babel/parser": {
      "version": "7.28.0",
      "resolved": "https://registry.npmjs.org/@babel/parser/-/parser-7.28.0.tgz",
      "integrity": "sha512-jVZGvOxOuNSsuQuLRTh13nU0AogFlw32w/MT+LV6D3sP5WdbW61E77RnkbaO2dUvmPAYrBDJXGn5gGS6tH4j8g==",
      "license": "MIT",
      "dependencies": {
        "@babel/types": "^7.28.0"
      },
      "bin": {
        "parser": "bin/babel-parser.js"
      },
      "engines": {
        "node": ">=6.0.0"
      }
    },
    "node_modules/@babel/types": {
      "version": "7.28.1",
      "resolved": "https://registry.npmjs.org/@babel/types/-/types-7.28.1.tgz",
      "integrity": "sha512-x0LvFTekgSX+83TI28Y9wYPUfzrnl2aT5+5QLnO6v7mSJYtEEevuDRN0F0uSHRk1G1IWZC43o00Y0xDDrpBGPQ==",
      "license": "MIT",
      "dependencies": {
        "@babel/helper-string-parser": "^7.27.1",
        "@babel/helper-validator-identifier": "^7.27.1"
      },
      "engines": {
        "node": ">=6.9.0"
      }
    },
    "node_modules/@esbuild/aix-ppc64": {
      "version": "0.25.8",
      "resolved": "https://registry.npmjs.org/@esbuild/aix-ppc64/-/aix-ppc64-0.25.8.tgz",
      "integrity": "sha512-urAvrUedIqEiFR3FYSLTWQgLu5tb+m0qZw0NBEasUeo6wuqatkMDaRT+1uABiGXEu5vqgPd7FGE1BhsAIy9QVA==",
      "cpu": [
        "ppc64"
      ],
      "dev": true,
      "license": "MIT",
      "optional": true,
      "os": [
        "aix"
      ],
      "engines": {
        "node": ">=18"
      }
    },
    "node_modules/@esbuild/android-arm": {
      "version": "0.25.8",
      "resolved": "https://registry.npmjs.org/@esbuild/android-arm/-/android-arm-0.25.8.tgz",
      "integrity": "sha512-RONsAvGCz5oWyePVnLdZY/HHwA++nxYWIX1atInlaW6SEkwq6XkP3+cb825EUcRs5Vss/lGh/2YxAb5xqc07Uw==",
      "cpu": [
        "arm"
      ],
      "dev": true,
      "license": "MIT",
      "optional": true,
      "os": [
        "android"
      ],
      "engines": {
        "node": ">=18"
      }
    },
    "node_modules/@esbuild/android-arm64": {
      "version": "0.25.8",
      "resolved": "https://registry.npmjs.org/@esbuild/android-arm64/-/android-arm64-0.25.8.tgz",
      "integrity": "sha512-OD3p7LYzWpLhZEyATcTSJ67qB5D+20vbtr6vHlHWSQYhKtzUYrETuWThmzFpZtFsBIxRvhO07+UgVA9m0i/O1w==",
      "cpu": [
        "arm64"
      ],
      "dev": true,
      "license": "MIT",
      "optional": true,
      "os": [
        "android"
      ],
      "engines": {
        "node": ">=18"
      }
    },
    "node_modules/@esbuild/android-x64": {
      "version": "0.25.8",
      "resolved": "https://registry.npmjs.org/@esbuild/android-x64/-/android-x64-0.25.8.tgz",
      "integrity": "sha512-yJAVPklM5+4+9dTeKwHOaA+LQkmrKFX96BM0A/2zQrbS6ENCmxc4OVoBs5dPkCCak2roAD+jKCdnmOqKszPkjA==",
      "cpu": [
        "x64"
      ],
      "dev": true,
      "license": "MIT",
      "optional": true,
      "os": [
        "android"
      ],
      "engines": {
        "node": ">=18"
      }
    },
    "node_modules/@esbuild/darwin-arm64": {
      "version": "0.25.8",
      "resolved": "https://registry.npmjs.org/@esbuild/darwin-arm64/-/darwin-arm64-0.25.8.tgz",
      "integrity": "sha512-Jw0mxgIaYX6R8ODrdkLLPwBqHTtYHJSmzzd+QeytSugzQ0Vg4c5rDky5VgkoowbZQahCbsv1rT1KW72MPIkevw==",
      "cpu": [
        "arm64"
      ],
      "dev": true,
      "license": "MIT",
      "optional": true,
      "os": [
        "darwin"
      ],
      "engines": {
        "node": ">=18"
      }
    },
    "node_modules/@esbuild/darwin-x64": {
      "version": "0.25.8",
      "resolved": "https://registry.npmjs.org/@esbuild/darwin-x64/-/darwin-x64-0.25.8.tgz",
      "integrity": "sha512-Vh2gLxxHnuoQ+GjPNvDSDRpoBCUzY4Pu0kBqMBDlK4fuWbKgGtmDIeEC081xi26PPjn+1tct+Bh8FjyLlw1Zlg==",
      "cpu": [
        "x64"
      ],
      "dev": true,
      "license": "MIT",
      "optional": true,
      "os": [
        "darwin"
      ],
      "engines": {
        "node": ">=18"
      }
    },
    "node_modules/@esbuild/freebsd-arm64": {
      "version": "0.25.8",
      "resolved": "https://registry.npmjs.org/@esbuild/freebsd-arm64/-/freebsd-arm64-0.25.8.tgz",
      "integrity": "sha512-YPJ7hDQ9DnNe5vxOm6jaie9QsTwcKedPvizTVlqWG9GBSq+BuyWEDazlGaDTC5NGU4QJd666V0yqCBL2oWKPfA==",
      "cpu": [
        "arm64"
      ],
      "dev": true,
      "license": "MIT",
      "optional": true,
      "os": [
        "freebsd"
      ],
      "engines": {
        "node": ">=18"
      }
    },
    "node_modules/@esbuild/freebsd-x64": {
      "version": "0.25.8",
      "resolved": "https://registry.npmjs.org/@esbuild/freebsd-x64/-/freebsd-x64-0.25.8.tgz",
      "integrity": "sha512-MmaEXxQRdXNFsRN/KcIimLnSJrk2r5H8v+WVafRWz5xdSVmWLoITZQXcgehI2ZE6gioE6HirAEToM/RvFBeuhw==",
      "cpu": [
        "x64"
      ],
      "dev": true,
      "license": "MIT",
      "optional": true,
      "os": [
        "freebsd"
      ],
      "engines": {
        "node": ">=18"
      }
    },
    "node_modules/@esbuild/linux-arm": {
      "version": "0.25.8",
      "resolved": "https://registry.npmjs.org/@esbuild/linux-arm/-/linux-arm-0.25.8.tgz",
      "integrity": "sha512-FuzEP9BixzZohl1kLf76KEVOsxtIBFwCaLupVuk4eFVnOZfU+Wsn+x5Ryam7nILV2pkq2TqQM9EZPsOBuMC+kg==",
      "cpu": [
        "arm"
      ],
      "dev": true,
      "license": "MIT",
      "optional": true,
      "os": [
        "linux"
      ],
      "engines": {
        "node": ">=18"
      }
    },
    "node_modules/@esbuild/linux-arm64": {
      "version": "0.25.8",
      "resolved": "https://registry.npmjs.org/@esbuild/linux-arm64/-/linux-arm64-0.25.8.tgz",
      "integrity": "sha512-WIgg00ARWv/uYLU7lsuDK00d/hHSfES5BzdWAdAig1ioV5kaFNrtK8EqGcUBJhYqotlUByUKz5Qo6u8tt7iD/w==",
      "cpu": [
        "arm64"
      ],
      "dev": true,
      "license": "MIT",
      "optional": true,
      "os": [
        "linux"
      ],
      "engines": {
        "node": ">=18"
      }
    },
    "node_modules/@esbuild/linux-ia32": {
      "version": "0.25.8",
      "resolved": "https://registry.npmjs.org/@esbuild/linux-ia32/-/linux-ia32-0.25.8.tgz",
      "integrity": "sha512-A1D9YzRX1i+1AJZuFFUMP1E9fMaYY+GnSQil9Tlw05utlE86EKTUA7RjwHDkEitmLYiFsRd9HwKBPEftNdBfjg==",
      "cpu": [
        "ia32"
      ],
      "dev": true,
      "license": "MIT",
      "optional": true,
      "os": [
        "linux"
      ],
      "engines": {
        "node": ">=18"
      }
    },
    "node_modules/@esbuild/linux-loong64": {
      "version": "0.25.8",
      "resolved": "https://registry.npmjs.org/@esbuild/linux-loong64/-/linux-loong64-0.25.8.tgz",
      "integrity": "sha512-O7k1J/dwHkY1RMVvglFHl1HzutGEFFZ3kNiDMSOyUrB7WcoHGf96Sh+64nTRT26l3GMbCW01Ekh/ThKM5iI7hQ==",
      "cpu": [
        "loong64"
      ],
      "dev": true,
      "license": "MIT",
      "optional": true,
      "os": [
        "linux"
      ],
      "engines": {
        "node": ">=18"
      }
    },
    "node_modules/@esbuild/linux-mips64el": {
      "version": "0.25.8",
      "resolved": "https://registry.npmjs.org/@esbuild/linux-mips64el/-/linux-mips64el-0.25.8.tgz",
      "integrity": "sha512-uv+dqfRazte3BzfMp8PAQXmdGHQt2oC/y2ovwpTteqrMx2lwaksiFZ/bdkXJC19ttTvNXBuWH53zy/aTj1FgGw==",
      "cpu": [
        "mips64el"
      ],
      "dev": true,
      "license": "MIT",
      "optional": true,
      "os": [
        "linux"
      ],
      "engines": {
        "node": ">=18"
      }
    },
    "node_modules/@esbuild/linux-ppc64": {
      "version": "0.25.8",
      "resolved": "https://registry.npmjs.org/@esbuild/linux-ppc64/-/linux-ppc64-0.25.8.tgz",
      "integrity": "sha512-GyG0KcMi1GBavP5JgAkkstMGyMholMDybAf8wF5A70CALlDM2p/f7YFE7H92eDeH/VBtFJA5MT4nRPDGg4JuzQ==",
      "cpu": [
        "ppc64"
      ],
      "dev": true,
      "license": "MIT",
      "optional": true,
      "os": [
        "linux"
      ],
      "engines": {
        "node": ">=18"
      }
    },
    "node_modules/@esbuild/linux-riscv64": {
      "version": "0.25.8",
      "resolved": "https://registry.npmjs.org/@esbuild/linux-riscv64/-/linux-riscv64-0.25.8.tgz",
      "integrity": "sha512-rAqDYFv3yzMrq7GIcen3XP7TUEG/4LK86LUPMIz6RT8A6pRIDn0sDcvjudVZBiiTcZCY9y2SgYX2lgK3AF+1eg==",
      "cpu": [
        "riscv64"
      ],
      "dev": true,
      "license": "MIT",
      "optional": true,
      "os": [
        "linux"
      ],
      "engines": {
        "node": ">=18"
      }
    },
    "node_modules/@esbuild/linux-s390x": {
      "version": "0.25.8",
      "resolved": "https://registry.npmjs.org/@esbuild/linux-s390x/-/linux-s390x-0.25.8.tgz",
      "integrity": "sha512-Xutvh6VjlbcHpsIIbwY8GVRbwoviWT19tFhgdA7DlenLGC/mbc3lBoVb7jxj9Z+eyGqvcnSyIltYUrkKzWqSvg==",
      "cpu": [
        "s390x"
      ],
      "dev": true,
      "license": "MIT",
      "optional": true,
      "os": [
        "linux"
      ],
      "engines": {
        "node": ">=18"
      }
    },
    "node_modules/@esbuild/linux-x64": {
      "version": "0.25.8",
      "resolved": "https://registry.npmjs.org/@esbuild/linux-x64/-/linux-x64-0.25.8.tgz",
      "integrity": "sha512-ASFQhgY4ElXh3nDcOMTkQero4b1lgubskNlhIfJrsH5OKZXDpUAKBlNS0Kx81jwOBp+HCeZqmoJuihTv57/jvQ==",
      "cpu": [
        "x64"
      ],
      "dev": true,
      "license": "MIT",
      "optional": true,
      "os": [
        "linux"
      ],
      "engines": {
        "node": ">=18"
      }
    },
    "node_modules/@esbuild/netbsd-arm64": {
      "version": "0.25.8",
      "resolved": "https://registry.npmjs.org/@esbuild/netbsd-arm64/-/netbsd-arm64-0.25.8.tgz",
      "integrity": "sha512-d1KfruIeohqAi6SA+gENMuObDbEjn22olAR7egqnkCD9DGBG0wsEARotkLgXDu6c4ncgWTZJtN5vcgxzWRMzcw==",
      "cpu": [
        "arm64"
      ],
      "dev": true,
      "license": "MIT",
      "optional": true,
      "os": [
        "netbsd"
      ],
      "engines": {
        "node": ">=18"
      }
    },
    "node_modules/@esbuild/netbsd-x64": {
      "version": "0.25.8",
      "resolved": "https://registry.npmjs.org/@esbuild/netbsd-x64/-/netbsd-x64-0.25.8.tgz",
      "integrity": "sha512-nVDCkrvx2ua+XQNyfrujIG38+YGyuy2Ru9kKVNyh5jAys6n+l44tTtToqHjino2My8VAY6Lw9H7RI73XFi66Cg==",
      "cpu": [
        "x64"
      ],
      "dev": true,
      "license": "MIT",
      "optional": true,
      "os": [
        "netbsd"
      ],
      "engines": {
        "node": ">=18"
      }
    },
    "node_modules/@esbuild/openbsd-arm64": {
      "version": "0.25.8",
      "resolved": "https://registry.npmjs.org/@esbuild/openbsd-arm64/-/openbsd-arm64-0.25.8.tgz",
      "integrity": "sha512-j8HgrDuSJFAujkivSMSfPQSAa5Fxbvk4rgNAS5i3K+r8s1X0p1uOO2Hl2xNsGFppOeHOLAVgYwDVlmxhq5h+SQ==",
      "cpu": [
        "arm64"
      ],
      "dev": true,
      "license": "MIT",
      "optional": true,
      "os": [
        "openbsd"
      ],
      "engines": {
        "node": ">=18"
      }
    },
    "node_modules/@esbuild/openbsd-x64": {
      "version": "0.25.8",
      "resolved": "https://registry.npmjs.org/@esbuild/openbsd-x64/-/openbsd-x64-0.25.8.tgz",
      "integrity": "sha512-1h8MUAwa0VhNCDp6Af0HToI2TJFAn1uqT9Al6DJVzdIBAd21m/G0Yfc77KDM3uF3T/YaOgQq3qTJHPbTOInaIQ==",
      "cpu": [
        "x64"
      ],
      "dev": true,
      "license": "MIT",
      "optional": true,
      "os": [
        "openbsd"
      ],
      "engines": {
        "node": ">=18"
      }
    },
    "node_modules/@esbuild/openharmony-arm64": {
      "version": "0.25.8",
      "resolved": "https://registry.npmjs.org/@esbuild/openharmony-arm64/-/openharmony-arm64-0.25.8.tgz",
      "integrity": "sha512-r2nVa5SIK9tSWd0kJd9HCffnDHKchTGikb//9c7HX+r+wHYCpQrSgxhlY6KWV1nFo1l4KFbsMlHk+L6fekLsUg==",
      "cpu": [
        "arm64"
      ],
      "dev": true,
      "license": "MIT",
      "optional": true,
      "os": [
        "openharmony"
      ],
      "engines": {
        "node": ">=18"
      }
    },
    "node_modules/@esbuild/sunos-x64": {
      "version": "0.25.8",
      "resolved": "https://registry.npmjs.org/@esbuild/sunos-x64/-/sunos-x64-0.25.8.tgz",
      "integrity": "sha512-zUlaP2S12YhQ2UzUfcCuMDHQFJyKABkAjvO5YSndMiIkMimPmxA+BYSBikWgsRpvyxuRnow4nS5NPnf9fpv41w==",
      "cpu": [
        "x64"
      ],
      "dev": true,
      "license": "MIT",
      "optional": true,
      "os": [
        "sunos"
      ],
      "engines": {
        "node": ">=18"
      }
    },
    "node_modules/@esbuild/win32-arm64": {
      "version": "0.25.8",
      "resolved": "https://registry.npmjs.org/@esbuild/win32-arm64/-/win32-arm64-0.25.8.tgz",
      "integrity": "sha512-YEGFFWESlPva8hGL+zvj2z/SaK+pH0SwOM0Nc/d+rVnW7GSTFlLBGzZkuSU9kFIGIo8q9X3ucpZhu8PDN5A2sQ==",
      "cpu": [
        "arm64"
      ],
      "dev": true,
      "license": "MIT",
      "optional": true,
      "os": [
        "win32"
      ],
      "engines": {
        "node": ">=18"
      }
    },
    "node_modules/@esbuild/win32-ia32": {
      "version": "0.25.8",
      "resolved": "https://registry.npmjs.org/@esbuild/win32-ia32/-/win32-ia32-0.25.8.tgz",
      "integrity": "sha512-hiGgGC6KZ5LZz58OL/+qVVoZiuZlUYlYHNAmczOm7bs2oE1XriPFi5ZHHrS8ACpV5EjySrnoCKmcbQMN+ojnHg==",
      "cpu": [
        "ia32"
      ],
      "dev": true,
      "license": "MIT",
      "optional": true,
      "os": [
        "win32"
      ],
      "engines": {
        "node": ">=18"
      }
    },
    "node_modules/@esbuild/win32-x64": {
      "version": "0.25.8",
      "resolved": "https://registry.npmjs.org/@esbuild/win32-x64/-/win32-x64-0.25.8.tgz",
      "integrity": "sha512-cn3Yr7+OaaZq1c+2pe+8yxC8E144SReCQjN6/2ynubzYjvyqZjTXfQJpAcQpsdJq3My7XADANiYGHoFC69pLQw==",
      "cpu": [
        "x64"
      ],
      "dev": true,
      "license": "MIT",
      "optional": true,
      "os": [
        "win32"
      ],
      "engines": {
        "node": ">=18"
      }
    },
    "node_modules/@jridgewell/sourcemap-codec": {
      "version": "1.5.4",
      "resolved": "https://registry.npmjs.org/@jridgewell/sourcemap-codec/-/sourcemap-codec-1.5.4.tgz",
      "integrity": "sha512-VT2+G1VQs/9oz078bLrYbecdZKs912zQlkelYpuf+SXF+QvZDYJlbx/LSx+meSAwdDFnF8FVXW92AVjjkVmgFw==",
      "license": "MIT"
    },
    "node_modules/@rolldown/pluginutils": {
      "version": "1.0.0-beta.19",
      "resolved": "https://registry.npmjs.org/@rolldown/pluginutils/-/pluginutils-1.0.0-beta.19.tgz",
      "integrity": "sha512-3FL3mnMbPu0muGOCaKAhhFEYmqv9eTfPSJRJmANrCwtgK8VuxpsZDGK+m0LYAGoyO8+0j5uRe4PeyPDK1yA/hA==",
      "dev": true,
      "license": "MIT"
    },
    "node_modules/@rollup/rollup-android-arm-eabi": {
      "version": "4.45.1",
      "resolved": "https://registry.npmjs.org/@rollup/rollup-android-arm-eabi/-/rollup-android-arm-eabi-4.45.1.tgz",
      "integrity": "sha512-NEySIFvMY0ZQO+utJkgoMiCAjMrGvnbDLHvcmlA33UXJpYBCvlBEbMMtV837uCkS+plG2umfhn0T5mMAxGrlRA==",
      "cpu": [
        "arm"
      ],
      "dev": true,
      "license": "MIT",
      "optional": true,
      "os": [
        "android"
      ]
    },
    "node_modules/@rollup/rollup-android-arm64": {
      "version": "4.45.1",
      "resolved": "https://registry.npmjs.org/@rollup/rollup-android-arm64/-/rollup-android-arm64-4.45.1.tgz",
      "integrity": "sha512-ujQ+sMXJkg4LRJaYreaVx7Z/VMgBBd89wGS4qMrdtfUFZ+TSY5Rs9asgjitLwzeIbhwdEhyj29zhst3L1lKsRQ==",
      "cpu": [
        "arm64"
      ],
      "dev": true,
      "license": "MIT",
      "optional": true,
      "os": [
        "android"
      ]
    },
    "node_modules/@rollup/rollup-darwin-arm64": {
      "version": "4.45.1",
      "resolved": "https://registry.npmjs.org/@rollup/rollup-darwin-arm64/-/rollup-darwin-arm64-4.45.1.tgz",
      "integrity": "sha512-FSncqHvqTm3lC6Y13xncsdOYfxGSLnP+73k815EfNmpewPs+EyM49haPS105Rh4aF5mJKywk9X0ogzLXZzN9lA==",
      "cpu": [
        "arm64"
      ],
      "dev": true,
      "license": "MIT",
      "optional": true,
      "os": [
        "darwin"
      ]
    },
    "node_modules/@rollup/rollup-darwin-x64": {
      "version": "4.45.1",
      "resolved": "https://registry.npmjs.org/@rollup/rollup-darwin-x64/-/rollup-darwin-x64-4.45.1.tgz",
      "integrity": "sha512-2/vVn/husP5XI7Fsf/RlhDaQJ7x9zjvC81anIVbr4b/f0xtSmXQTFcGIQ/B1cXIYM6h2nAhJkdMHTnD7OtQ9Og==",
      "cpu": [
        "x64"
      ],
      "dev": true,
      "license": "MIT",
      "optional": true,
      "os": [
        "darwin"
      ]
    },
    "node_modules/@rollup/rollup-freebsd-arm64": {
      "version": "4.45.1",
      "resolved": "https://registry.npmjs.org/@rollup/rollup-freebsd-arm64/-/rollup-freebsd-arm64-4.45.1.tgz",
      "integrity": "sha512-4g1kaDxQItZsrkVTdYQ0bxu4ZIQ32cotoQbmsAnW1jAE4XCMbcBPDirX5fyUzdhVCKgPcrwWuucI8yrVRBw2+g==",
      "cpu": [
        "arm64"
      ],
      "dev": true,
      "license": "MIT",
      "optional": true,
      "os": [
        "freebsd"
      ]
    },
    "node_modules/@rollup/rollup-freebsd-x64": {
      "version": "4.45.1",
      "resolved": "https://registry.npmjs.org/@rollup/rollup-freebsd-x64/-/rollup-freebsd-x64-4.45.1.tgz",
      "integrity": "sha512-L/6JsfiL74i3uK1Ti2ZFSNsp5NMiM4/kbbGEcOCps99aZx3g8SJMO1/9Y0n/qKlWZfn6sScf98lEOUe2mBvW9A==",
      "cpu": [
        "x64"
      ],
      "dev": true,
      "license": "MIT",
      "optional": true,
      "os": [
        "freebsd"
      ]
    },
    "node_modules/@rollup/rollup-linux-arm-gnueabihf": {
      "version": "4.45.1",
      "resolved": "https://registry.npmjs.org/@rollup/rollup-linux-arm-gnueabihf/-/rollup-linux-arm-gnueabihf-4.45.1.tgz",
      "integrity": "sha512-RkdOTu2jK7brlu+ZwjMIZfdV2sSYHK2qR08FUWcIoqJC2eywHbXr0L8T/pONFwkGukQqERDheaGTeedG+rra6Q==",
      "cpu": [
        "arm"
      ],
      "dev": true,
      "license": "MIT",
      "optional": true,
      "os": [
        "linux"
      ]
    },
    "node_modules/@rollup/rollup-linux-arm-musleabihf": {
      "version": "4.45.1",
      "resolved": "https://registry.npmjs.org/@rollup/rollup-linux-arm-musleabihf/-/rollup-linux-arm-musleabihf-4.45.1.tgz",
      "integrity": "sha512-3kJ8pgfBt6CIIr1o+HQA7OZ9mp/zDk3ctekGl9qn/pRBgrRgfwiffaUmqioUGN9hv0OHv2gxmvdKOkARCtRb8Q==",
      "cpu": [
        "arm"
      ],
      "dev": true,
      "license": "MIT",
      "optional": true,
      "os": [
        "linux"
      ]
    },
    "node_modules/@rollup/rollup-linux-arm64-gnu": {
      "version": "4.45.1",
      "resolved": "https://registry.npmjs.org/@rollup/rollup-linux-arm64-gnu/-/rollup-linux-arm64-gnu-4.45.1.tgz",
      "integrity": "sha512-k3dOKCfIVixWjG7OXTCOmDfJj3vbdhN0QYEqB+OuGArOChek22hn7Uy5A/gTDNAcCy5v2YcXRJ/Qcnm4/ma1xw==",
      "cpu": [
        "arm64"
      ],
      "dev": true,
      "license": "MIT",
      "optional": true,
      "os": [
        "linux"
      ]
    },
    "node_modules/@rollup/rollup-linux-arm64-musl": {
      "version": "4.45.1",
      "resolved": "https://registry.npmjs.org/@rollup/rollup-linux-arm64-musl/-/rollup-linux-arm64-musl-4.45.1.tgz",
      "integrity": "sha512-PmI1vxQetnM58ZmDFl9/Uk2lpBBby6B6rF4muJc65uZbxCs0EA7hhKCk2PKlmZKuyVSHAyIw3+/SiuMLxKxWog==",
      "cpu": [
        "arm64"
      ],
      "dev": true,
      "license": "MIT",
      "optional": true,
      "os": [
        "linux"
      ]
    },
    "node_modules/@rollup/rollup-linux-loongarch64-gnu": {
      "version": "4.45.1",
      "resolved": "https://registry.npmjs.org/@rollup/rollup-linux-loongarch64-gnu/-/rollup-linux-loongarch64-gnu-4.45.1.tgz",
      "integrity": "sha512-9UmI0VzGmNJ28ibHW2GpE2nF0PBQqsyiS4kcJ5vK+wuwGnV5RlqdczVocDSUfGX/Na7/XINRVoUgJyFIgipoRg==",
      "cpu": [
        "loong64"
      ],
      "dev": true,
      "license": "MIT",
      "optional": true,
      "os": [
        "linux"
      ]
    },
    "node_modules/@rollup/rollup-linux-powerpc64le-gnu": {
      "version": "4.45.1",
      "resolved": "https://registry.npmjs.org/@rollup/rollup-linux-powerpc64le-gnu/-/rollup-linux-powerpc64le-gnu-4.45.1.tgz",
      "integrity": "sha512-7nR2KY8oEOUTD3pBAxIBBbZr0U7U+R9HDTPNy+5nVVHDXI4ikYniH1oxQz9VoB5PbBU1CZuDGHkLJkd3zLMWsg==",
      "cpu": [
        "ppc64"
      ],
      "dev": true,
      "license": "MIT",
      "optional": true,
      "os": [
        "linux"
      ]
    },
    "node_modules/@rollup/rollup-linux-riscv64-gnu": {
      "version": "4.45.1",
      "resolved": "https://registry.npmjs.org/@rollup/rollup-linux-riscv64-gnu/-/rollup-linux-riscv64-gnu-4.45.1.tgz",
      "integrity": "sha512-nlcl3jgUultKROfZijKjRQLUu9Ma0PeNv/VFHkZiKbXTBQXhpytS8CIj5/NfBeECZtY2FJQubm6ltIxm/ftxpw==",
      "cpu": [
        "riscv64"
      ],
      "dev": true,
      "license": "MIT",
      "optional": true,
      "os": [
        "linux"
      ]
    },
    "node_modules/@rollup/rollup-linux-riscv64-musl": {
      "version": "4.45.1",
      "resolved": "https://registry.npmjs.org/@rollup/rollup-linux-riscv64-musl/-/rollup-linux-riscv64-musl-4.45.1.tgz",
      "integrity": "sha512-HJV65KLS51rW0VY6rvZkiieiBnurSzpzore1bMKAhunQiECPuxsROvyeaot/tcK3A3aGnI+qTHqisrpSgQrpgA==",
      "cpu": [
        "riscv64"
      ],
      "dev": true,
      "license": "MIT",
      "optional": true,
      "os": [
        "linux"
      ]
    },
    "node_modules/@rollup/rollup-linux-s390x-gnu": {
      "version": "4.45.1",
      "resolved": "https://registry.npmjs.org/@rollup/rollup-linux-s390x-gnu/-/rollup-linux-s390x-gnu-4.45.1.tgz",
      "integrity": "sha512-NITBOCv3Qqc6hhwFt7jLV78VEO/il4YcBzoMGGNxznLgRQf43VQDae0aAzKiBeEPIxnDrACiMgbqjuihx08OOw==",
      "cpu": [
        "s390x"
      ],
      "dev": true,
      "license": "MIT",
      "optional": true,
      "os": [
        "linux"
      ]
    },
    "node_modules/@rollup/rollup-linux-x64-gnu": {
      "version": "4.45.1",
      "resolved": "https://registry.npmjs.org/@rollup/rollup-linux-x64-gnu/-/rollup-linux-x64-gnu-4.45.1.tgz",
      "integrity": "sha512-+E/lYl6qu1zqgPEnTrs4WysQtvc/Sh4fC2nByfFExqgYrqkKWp1tWIbe+ELhixnenSpBbLXNi6vbEEJ8M7fiHw==",
      "cpu": [
        "x64"
      ],
      "dev": true,
      "license": "MIT",
      "optional": true,
      "os": [
        "linux"
      ]
    },
    "node_modules/@rollup/rollup-linux-x64-musl": {
      "version": "4.45.1",
      "resolved": "https://registry.npmjs.org/@rollup/rollup-linux-x64-musl/-/rollup-linux-x64-musl-4.45.1.tgz",
      "integrity": "sha512-a6WIAp89p3kpNoYStITT9RbTbTnqarU7D8N8F2CV+4Cl9fwCOZraLVuVFvlpsW0SbIiYtEnhCZBPLoNdRkjQFw==",
      "cpu": [
        "x64"
      ],
      "dev": true,
      "license": "MIT",
      "optional": true,
      "os": [
        "linux"
      ]
    },
    "node_modules/@rollup/rollup-win32-arm64-msvc": {
      "version": "4.45.1",
      "resolved": "https://registry.npmjs.org/@rollup/rollup-win32-arm64-msvc/-/rollup-win32-arm64-msvc-4.45.1.tgz",
      "integrity": "sha512-T5Bi/NS3fQiJeYdGvRpTAP5P02kqSOpqiopwhj0uaXB6nzs5JVi2XMJb18JUSKhCOX8+UE1UKQufyD6Or48dJg==",
      "cpu": [
        "arm64"
      ],
      "dev": true,
      "license": "MIT",
      "optional": true,
      "os": [
        "win32"
      ]
    },
    "node_modules/@rollup/rollup-win32-ia32-msvc": {
      "version": "4.45.1",
      "resolved": "https://registry.npmjs.org/@rollup/rollup-win32-ia32-msvc/-/rollup-win32-ia32-msvc-4.45.1.tgz",
      "integrity": "sha512-lxV2Pako3ujjuUe9jiU3/s7KSrDfH6IgTSQOnDWr9aJ92YsFd7EurmClK0ly/t8dzMkDtd04g60WX6yl0sGfdw==",
      "cpu": [
        "ia32"
      ],
      "dev": true,
      "license": "MIT",
      "optional": true,
      "os": [
        "win32"
      ]
    },
    "node_modules/@rollup/rollup-win32-x64-msvc": {
      "version": "4.45.1",
      "resolved": "https://registry.npmjs.org/@rollup/rollup-win32-x64-msvc/-/rollup-win32-x64-msvc-4.45.1.tgz",
      "integrity": "sha512-M/fKi4sasCdM8i0aWJjCSFm2qEnYRR8AMLG2kxp6wD13+tMGA4Z1tVAuHkNRjud5SW2EM3naLuK35w9twvf6aA==",
      "cpu": [
        "x64"
      ],
      "dev": true,
      "license": "MIT",
      "optional": true,
      "os": [
        "win32"
      ]
    },
    "node_modules/@types/estree": {
      "version": "1.0.8",
      "resolved": "https://registry.npmjs.org/@types/estree/-/estree-1.0.8.tgz",
      "integrity": "sha512-dWHzHa2WqEXI/O1E9OjrocMTKJl2mSrEolh1Iomrv6U+JuNwaHXsXx9bLu5gG7BUWFIN0skIQJQ/L1rIex4X6w==",
      "dev": true,
      "license": "MIT"
    },
    "node_modules/@vitejs/plugin-vue": {
      "version": "6.0.0",
      "resolved": "https://registry.npmjs.org/@vitejs/plugin-vue/-/plugin-vue-6.0.0.tgz",
      "integrity": "sha512-iAliE72WsdhjzTOp2DtvKThq1VBC4REhwRcaA+zPAAph6I+OQhUXv+Xu2KS7ElxYtb7Zc/3R30Hwv1DxEo7NXQ==",
      "dev": true,
      "license": "MIT",
      "dependencies": {
        "@rolldown/pluginutils": "1.0.0-beta.19"
      },
      "engines": {
        "node": "^20.19.0 || >=22.12.0"
      },
      "peerDependencies": {
        "vite": "^5.0.0 || ^6.0.0 || ^7.0.0",
        "vue": "^3.2.25"
      }
    },
    "node_modules/@vue/compiler-core": {
      "version": "3.6.0-alpha.2",
      "resolved": "https://registry.npmjs.org/@vue/compiler-core/-/compiler-core-3.6.0-alpha.2.tgz",
      "integrity": "sha512-2aPvrCWKKhKKU4TaX6N6+cY4LcLIlIc+tcxJHw029mZr7KGb/w+98UxU9o3mYe/CLo5c5v8ps4IlE/Tm4H/eZA==",
      "license": "MIT",
      "dependencies": {
        "@babel/parser": "^7.27.5",
        "@vue/shared": "3.6.0-alpha.2",
        "entities": "^4.5.0",
        "estree-walker": "^2.0.2",
        "source-map-js": "^1.2.1"
      }
    },
    "node_modules/@vue/compiler-dom": {
      "version": "3.6.0-alpha.2",
      "resolved": "https://registry.npmjs.org/@vue/compiler-dom/-/compiler-dom-3.6.0-alpha.2.tgz",
      "integrity": "sha512-WHFo0z5QXXkBQk65NPrze1RO4RG6vAHcMudRG604zs2VsMkJPXBL5CAFcae3R6aoU3wwbIYHkklbMOelegS90w==",
      "license": "MIT",
      "dependencies": {
        "@vue/compiler-core": "3.6.0-alpha.2",
        "@vue/shared": "3.6.0-alpha.2"
      }
    },
    "node_modules/@vue/compiler-sfc": {
      "version": "3.6.0-alpha.2",
      "resolved": "https://registry.npmjs.org/@vue/compiler-sfc/-/compiler-sfc-3.6.0-alpha.2.tgz",
      "integrity": "sha512-QFwY1M5lYTo6Qt0rSQKXEp9aZngaKtT4WRlITAuioNeFoK5Y5stElr6sw2dopsaPzjbAJftDbQ7MgtMjOZ9XQg==",
      "license": "MIT",
      "dependencies": {
        "@babel/parser": "^7.27.5",
        "@vue/compiler-core": "3.6.0-alpha.2",
        "@vue/compiler-dom": "3.6.0-alpha.2",
        "@vue/compiler-ssr": "3.6.0-alpha.2",
        "@vue/compiler-vapor": "3.6.0-alpha.2",
        "@vue/shared": "3.6.0-alpha.2",
        "estree-walker": "^2.0.2",
        "magic-string": "^0.30.17",
        "postcss": "^8.5.6",
        "source-map-js": "^1.2.1"
      }
    },
    "node_modules/@vue/compiler-ssr": {
      "version": "3.6.0-alpha.2",
      "resolved": "https://registry.npmjs.org/@vue/compiler-ssr/-/compiler-ssr-3.6.0-alpha.2.tgz",
      "integrity": "sha512-BtP+A4xL7QSCf/P1eOvJw9XG1wojK3nqjJXSABcwXeIv0SJgBpi4CZ/obVUPAiUWMmdJDV3bdSwqQtkiXqOmug==",
      "license": "MIT",
      "dependencies": {
        "@vue/compiler-dom": "3.6.0-alpha.2",
        "@vue/shared": "3.6.0-alpha.2"
      }
    },
    "node_modules/@vue/compiler-vapor": {
      "version": "3.6.0-alpha.2",
      "resolved": "https://registry.npmjs.org/@vue/compiler-vapor/-/compiler-vapor-3.6.0-alpha.2.tgz",
      "integrity": "sha512-/qmhrcOrVmBsZiQEpDMH5coH/hx7v1uflKCXDcvWhl7XaPfNWBeVwIndU/s/8mtOz+5nuCZrGtbqozXc4tfQzw==",
      "license": "MIT",
      "dependencies": {
        "@babel/parser": "^7.27.5",
        "@vue/compiler-dom": "3.6.0-alpha.2",
        "@vue/shared": "3.6.0-alpha.2",
        "estree-walker": "^2.0.2",
        "source-map-js": "^1.2.1"
      }
    },
    "node_modules/@vue/reactivity": {
      "version": "3.6.0-alpha.2",
      "resolved": "https://registry.npmjs.org/@vue/reactivity/-/reactivity-3.6.0-alpha.2.tgz",
      "integrity": "sha512-dqCEZHz7dy5u0fZV1ILObnH2YCA+I6UHuOt7PLGb1NBEAAUbO251nOK9OfecZEEPsvMJRl3P9rNqdJmAvIcHTg==",
      "license": "MIT",
      "dependencies": {
        "@vue/shared": "3.6.0-alpha.2"
      }
    },
    "node_modules/@vue/runtime-core": {
      "version": "3.6.0-alpha.2",
      "resolved": "https://registry.npmjs.org/@vue/runtime-core/-/runtime-core-3.6.0-alpha.2.tgz",
      "integrity": "sha512-OPEIqs/q2rTZWTJm8VVSsI9B2OgsKdtprKEqzw3L74tBGDwNRleCGxGxu2T3LUpPlOtQFkSCZTIh1M52/6PG0w==",
      "license": "MIT",
      "dependencies": {
        "@vue/reactivity": "3.6.0-alpha.2",
        "@vue/shared": "3.6.0-alpha.2"
      }
    },
    "node_modules/@vue/runtime-dom": {
      "version": "3.6.0-alpha.2",
      "resolved": "https://registry.npmjs.org/@vue/runtime-dom/-/runtime-dom-3.6.0-alpha.2.tgz",
      "integrity": "sha512-oYrpDYpbRqv/pgqM1SJEN7w9oahCjj6Txatz7McMJ++CX0WyFqAChi3Zvxr06Vrte+OCWA86t6Ot8K+mKV0QAA==",
      "license": "MIT",
      "dependencies": {
        "@vue/reactivity": "3.6.0-alpha.2",
        "@vue/runtime-core": "3.6.0-alpha.2",
        "@vue/shared": "3.6.0-alpha.2",
        "csstype": "^3.1.3"
      }
    },
    "node_modules/@vue/runtime-vapor": {
      "version": "3.6.0-alpha.2",
      "resolved": "https://registry.npmjs.org/@vue/runtime-vapor/-/runtime-vapor-3.6.0-alpha.2.tgz",
      "integrity": "sha512-UdGN6tcXIMTD/OFR7qI8V+ID4lji7K5A90i68OjiCr8nevtGxjfYPB3Lz5Lg7S6sckPCnFTECHExzWOmE7aV0A==",
      "license": "MIT",
      "dependencies": {
        "@vue/reactivity": "3.6.0-alpha.2",
        "@vue/shared": "3.6.0-alpha.2"
      },
      "peerDependencies": {
        "@vue/runtime-dom": "3.6.0-alpha.2"
      }
    },
    "node_modules/@vue/server-renderer": {
      "version": "3.6.0-alpha.2",
      "resolved": "https://registry.npmjs.org/@vue/server-renderer/-/server-renderer-3.6.0-alpha.2.tgz",
      "integrity": "sha512-Zw+fX/FlRqfwzrv5EmCyLBN5bOZWsRo3SnxQKqPl1yA5xGDe+FIe9cjII/X7hlFdC9Vb4lmQBvOQSnTeTj8ygA==",
      "license": "MIT",
      "dependencies": {
        "@vue/compiler-ssr": "3.6.0-alpha.2",
        "@vue/shared": "3.6.0-alpha.2"
      },
      "peerDependencies": {
        "vue": "3.6.0-alpha.2"
      }
    },
    "node_modules/@vue/shared": {
      "version": "3.6.0-alpha.2",
      "resolved": "https://registry.npmjs.org/@vue/shared/-/shared-3.6.0-alpha.2.tgz",
      "integrity": "sha512-/tviorcvTBm63BIg/oEpU+tuU3NUrLkWWPrljCH//2vHwc/RJZ7wxq6vPLWfTcuSc82uxDWZXDTKxUjN8/JmGQ==",
      "license": "MIT"
    },
    "node_modules/csstype": {
      "version": "3.1.3",
      "resolved": "https://registry.npmjs.org/csstype/-/csstype-3.1.3.tgz",
      "integrity": "sha512-M1uQkMl8rQK/szD0LNhtqxIPLpimGm8sOBwU7lLnCpSbTyY3yeU1Vc7l4KT5zT4s/yOxHH5O7tIuuLOCnLADRw==",
      "license": "MIT"
    },
    "node_modules/entities": {
      "version": "4.5.0",
      "resolved": "https://registry.npmjs.org/entities/-/entities-4.5.0.tgz",
      "integrity": "sha512-V0hjH4dGPh9Ao5p0MoRY6BVqtwCjhz6vI5LT8AJ55H+4g9/4vbHx1I54fS0XuclLhDHArPQCiMjDxjaL8fPxhw==",
      "license": "BSD-2-Clause",
      "engines": {
        "node": ">=0.12"
      },
      "funding": {
        "url": "https://github.com/fb55/entities?sponsor=1"
      }
    },
    "node_modules/esbuild": {
      "version": "0.25.8",
      "resolved": "https://registry.npmjs.org/esbuild/-/esbuild-0.25.8.tgz",
      "integrity": "sha512-vVC0USHGtMi8+R4Kz8rt6JhEWLxsv9Rnu/lGYbPR8u47B+DCBksq9JarW0zOO7bs37hyOK1l2/oqtbciutL5+Q==",
      "dev": true,
      "hasInstallScript": true,
      "license": "MIT",
      "bin": {
        "esbuild": "bin/esbuild"
      },
      "engines": {
        "node": ">=18"
      },
      "optionalDependencies": {
        "@esbuild/aix-ppc64": "0.25.8",
        "@esbuild/android-arm": "0.25.8",
        "@esbuild/android-arm64": "0.25.8",
        "@esbuild/android-x64": "0.25.8",
        "@esbuild/darwin-arm64": "0.25.8",
        "@esbuild/darwin-x64": "0.25.8",
        "@esbuild/freebsd-arm64": "0.25.8",
        "@esbuild/freebsd-x64": "0.25.8",
        "@esbuild/linux-arm": "0.25.8",
        "@esbuild/linux-arm64": "0.25.8",
        "@esbuild/linux-ia32": "0.25.8",
        "@esbuild/linux-loong64": "0.25.8",
        "@esbuild/linux-mips64el": "0.25.8",
        "@esbuild/linux-ppc64": "0.25.8",
        "@esbuild/linux-riscv64": "0.25.8",
        "@esbuild/linux-s390x": "0.25.8",
        "@esbuild/linux-x64": "0.25.8",
        "@esbuild/netbsd-arm64": "0.25.8",
        "@esbuild/netbsd-x64": "0.25.8",
        "@esbuild/openbsd-arm64": "0.25.8",
        "@esbuild/openbsd-x64": "0.25.8",
        "@esbuild/openharmony-arm64": "0.25.8",
        "@esbuild/sunos-x64": "0.25.8",
        "@esbuild/win32-arm64": "0.25.8",
        "@esbuild/win32-ia32": "0.25.8",
        "@esbuild/win32-x64": "0.25.8"
      }
    },
    "node_modules/estree-walker": {
      "version": "2.0.2",
      "resolved": "https://registry.npmjs.org/estree-walker/-/estree-walker-2.0.2.tgz",
      "integrity": "sha512-Rfkk/Mp/DL7JVje3u18FxFujQlTNR2q6QfMSMB7AvCBx91NGj/ba3kCfza0f6dVDbw7YlRf/nDrn7pQrCCyQ/w==",
      "license": "MIT"
    },
    "node_modules/fdir": {
      "version": "6.4.6",
      "resolved": "https://registry.npmjs.org/fdir/-/fdir-6.4.6.tgz",
      "integrity": "sha512-hiFoqpyZcfNm1yc4u8oWCf9A2c4D3QjCrks3zmoVKVxpQRzmPNar1hUJcBG2RQHvEVGDN+Jm81ZheVLAQMK6+w==",
      "dev": true,
      "license": "MIT",
      "peerDependencies": {
        "picomatch": "^3 || ^4"
      },
      "peerDependenciesMeta": {
        "picomatch": {
          "optional": true
        }
      }
    },
    "node_modules/fsevents": {
      "version": "2.3.3",
      "resolved": "https://registry.npmjs.org/fsevents/-/fsevents-2.3.3.tgz",
      "integrity": "sha512-5xoDfX+fL7faATnagmWPpbFtwh/R77WmMMqqHGS65C3vvB0YHrgF+B1YmZ3441tMj5n63k0212XNoJwzlhffQw==",
      "dev": true,
      "hasInstallScript": true,
      "license": "MIT",
      "optional": true,
      "os": [
        "darwin"
      ],
      "engines": {
        "node": "^8.16.0 || ^10.6.0 || >=11.0.0"
      }
    },
    "node_modules/magic-string": {
      "version": "0.30.17",
      "resolved": "https://registry.npmjs.org/magic-string/-/magic-string-0.30.17.tgz",
      "integrity": "sha512-sNPKHvyjVf7gyjwS4xGTaW/mCnF8wnjtifKBEhxfZ7E/S8tQ0rssrwGNn6q8JH/ohItJfSQp9mBtQYuTlH5QnA==",
      "license": "MIT",
      "dependencies": {
        "@jridgewell/sourcemap-codec": "^1.5.0"
      }
    },
    "node_modules/nanoid": {
      "version": "3.3.11",
      "resolved": "https://registry.npmjs.org/nanoid/-/nanoid-3.3.11.tgz",
      "integrity": "sha512-N8SpfPUnUp1bK+PMYW8qSWdl9U+wwNWI4QKxOYDy9JAro3WMX7p2OeVRF9v+347pnakNevPmiHhNmZ2HbFA76w==",
      "funding": [
        {
          "type": "github",
          "url": "https://github.com/sponsors/ai"
        }
      ],
      "license": "MIT",
      "bin": {
        "nanoid": "bin/nanoid.cjs"
      },
      "engines": {
        "node": "^10 || ^12 || ^13.7 || ^14 || >=15.0.1"
      }
    },
    "node_modules/picocolors": {
      "version": "1.1.1",
      "resolved": "https://registry.npmjs.org/picocolors/-/picocolors-1.1.1.tgz",
      "integrity": "sha512-xceH2snhtb5M9liqDsmEw56le376mTZkEX/jEb/RxNFyegNul7eNslCXP9FDj/Lcu0X8KEyMceP2ntpaHrDEVA==",
      "license": "ISC"
    },
    "node_modules/picomatch": {
      "version": "4.0.3",
      "resolved": "https://registry.npmjs.org/picomatch/-/picomatch-4.0.3.tgz",
      "integrity": "sha512-5gTmgEY/sqK6gFXLIsQNH19lWb4ebPDLA4SdLP7dsWkIXHWlG66oPuVvXSGFPppYZz8ZDZq0dYYrbHfBCVUb1Q==",
      "dev": true,
      "license": "MIT",
      "engines": {
        "node": ">=12"
      },
      "funding": {
        "url": "https://github.com/sponsors/jonschlinkert"
      }
    },
    "node_modules/postcss": {
      "version": "8.5.6",
      "resolved": "https://registry.npmjs.org/postcss/-/postcss-8.5.6.tgz",
      "integrity": "sha512-3Ybi1tAuwAP9s0r1UQ2J4n5Y0G05bJkpUIO0/bI9MhwmD70S5aTWbXGBwxHrelT+XM1k6dM0pk+SwNkpTRN7Pg==",
      "funding": [
        {
          "type": "opencollective",
          "url": "https://opencollective.com/postcss/"
        },
        {
          "type": "tidelift",
          "url": "https://tidelift.com/funding/github/npm/postcss"
        },
        {
          "type": "github",
          "url": "https://github.com/sponsors/ai"
        }
      ],
      "license": "MIT",
      "dependencies": {
        "nanoid": "^3.3.11",
        "picocolors": "^1.1.1",
        "source-map-js": "^1.2.1"
      },
      "engines": {
        "node": "^10 || ^12 || >=14"
      }
    },
    "node_modules/rollup": {
      "version": "4.45.1",
      "resolved": "https://registry.npmjs.org/rollup/-/rollup-4.45.1.tgz",
      "integrity": "sha512-4iya7Jb76fVpQyLoiVpzUrsjQ12r3dM7fIVz+4NwoYvZOShknRmiv+iu9CClZml5ZLGb0XMcYLutK6w9tgxHDw==",
      "dev": true,
      "license": "MIT",
      "dependencies": {
        "@types/estree": "1.0.8"
      },
      "bin": {
        "rollup": "dist/bin/rollup"
      },
      "engines": {
        "node": ">=18.0.0",
        "npm": ">=8.0.0"
      },
      "optionalDependencies": {
        "@rollup/rollup-android-arm-eabi": "4.45.1",
        "@rollup/rollup-android-arm64": "4.45.1",
        "@rollup/rollup-darwin-arm64": "4.45.1",
        "@rollup/rollup-darwin-x64": "4.45.1",
        "@rollup/rollup-freebsd-arm64": "4.45.1",
        "@rollup/rollup-freebsd-x64": "4.45.1",
        "@rollup/rollup-linux-arm-gnueabihf": "4.45.1",
        "@rollup/rollup-linux-arm-musleabihf": "4.45.1",
        "@rollup/rollup-linux-arm64-gnu": "4.45.1",
        "@rollup/rollup-linux-arm64-musl": "4.45.1",
        "@rollup/rollup-linux-loongarch64-gnu": "4.45.1",
        "@rollup/rollup-linux-powerpc64le-gnu": "4.45.1",
        "@rollup/rollup-linux-riscv64-gnu": "4.45.1",
        "@rollup/rollup-linux-riscv64-musl": "4.45.1",
        "@rollup/rollup-linux-s390x-gnu": "4.45.1",
        "@rollup/rollup-linux-x64-gnu": "4.45.1",
        "@rollup/rollup-linux-x64-musl": "4.45.1",
        "@rollup/rollup-win32-arm64-msvc": "4.45.1",
        "@rollup/rollup-win32-ia32-msvc": "4.45.1",
        "@rollup/rollup-win32-x64-msvc": "4.45.1",
        "fsevents": "~2.3.2"
      }
    },
    "node_modules/source-map-js": {
      "version": "1.2.1",
      "resolved": "https://registry.npmjs.org/source-map-js/-/source-map-js-1.2.1.tgz",
      "integrity": "sha512-UXWMKhLOwVKb728IUtQPXxfYU+usdybtUrK/8uGE8CQMvrhOpwvzDBwj0QhSL7MQc7vIsISBG8VQ8+IDQxpfQA==",
      "license": "BSD-3-Clause",
      "engines": {
        "node": ">=0.10.0"
      }
    },
    "node_modules/tinyglobby": {
      "version": "0.2.14",
      "resolved": "https://registry.npmjs.org/tinyglobby/-/tinyglobby-0.2.14.tgz",
      "integrity": "sha512-tX5e7OM1HnYr2+a2C/4V0htOcSQcoSTH9KgJnVvNm5zm/cyEWKJ7j7YutsH9CxMdtOkkLFy2AHrMci9IM8IPZQ==",
      "dev": true,
      "license": "MIT",
      "dependencies": {
        "fdir": "^6.4.4",
        "picomatch": "^4.0.2"
      },
      "engines": {
        "node": ">=12.0.0"
      },
      "funding": {
        "url": "https://github.com/sponsors/SuperchupuDev"
      }
    },
    "node_modules/vite": {
      "version": "7.0.5",
      "resolved": "https://registry.npmjs.org/vite/-/vite-7.0.5.tgz",
      "integrity": "sha512-1mncVwJxy2C9ThLwz0+2GKZyEXuC3MyWtAAlNftlZZXZDP3AJt5FmwcMit/IGGaNZ8ZOB2BNO/HFUB+CpN0NQw==",
      "dev": true,
      "license": "MIT",
      "dependencies": {
        "esbuild": "^0.25.0",
        "fdir": "^6.4.6",
        "picomatch": "^4.0.2",
        "postcss": "^8.5.6",
        "rollup": "^4.40.0",
        "tinyglobby": "^0.2.14"
      },
      "bin": {
        "vite": "bin/vite.js"
      },
      "engines": {
        "node": "^20.19.0 || >=22.12.0"
      },
      "funding": {
        "url": "https://github.com/vitejs/vite?sponsor=1"
      },
      "optionalDependencies": {
        "fsevents": "~2.3.3"
      },
      "peerDependencies": {
        "@types/node": "^20.19.0 || >=22.12.0",
        "jiti": ">=1.21.0",
        "less": "^4.0.0",
        "lightningcss": "^1.21.0",
        "sass": "^1.70.0",
        "sass-embedded": "^1.70.0",
        "stylus": ">=0.54.8",
        "sugarss": "^5.0.0",
        "terser": "^5.16.0",
        "tsx": "^4.8.1",
        "yaml": "^2.4.2"
      },
      "peerDependenciesMeta": {
        "@types/node": {
          "optional": true
        },
        "jiti": {
          "optional": true
        },
        "less": {
          "optional": true
        },
        "lightningcss": {
          "optional": true
        },
        "sass": {
          "optional": true
        },
        "sass-embedded": {
          "optional": true
        },
        "stylus": {
          "optional": true
        },
        "sugarss": {
          "optional": true
        },
        "terser": {
          "optional": true
        },
        "tsx": {
          "optional": true
        },
        "yaml": {
          "optional": true
        }
      }
    },
    "node_modules/vue": {
      "version": "3.6.0-alpha.2",
      "resolved": "https://registry.npmjs.org/vue/-/vue-3.6.0-alpha.2.tgz",
      "integrity": "sha512-xn3jwLo6eMqxEKEAW8TWX+KSm7K2jTrNZ5Q3+H5Bu9P3mkoz8w0lUQHrO5WcnSVZfmR7vvw4/5XSYQe2XeDzdw==",
      "license": "MIT",
      "dependencies": {
        "@vue/compiler-dom": "3.6.0-alpha.2",
        "@vue/compiler-sfc": "3.6.0-alpha.2",
        "@vue/runtime-dom": "3.6.0-alpha.2",
        "@vue/runtime-vapor": "3.6.0-alpha.2",
        "@vue/server-renderer": "3.6.0-alpha.2",
        "@vue/shared": "3.6.0-alpha.2"
      },
      "peerDependencies": {
        "typescript": "*"
      },
      "peerDependenciesMeta": {
        "typescript": {
          "optional": true
        }
      }
    }
  }
}
