{
  "name": "js-framework-benchmark-keyed-sprae",
  "version": "1.0.0",
  "lockfileVersion": 2,
  "requires": true,
  "packages": {
    "": {
      "name": "js-framework-benchmark-keyed-sprae",
      "version": "1.0.0",
      "dependencies": {
        "sprae": "^8.0.0"
      }
    },
    "node_modules/@preact/signals-core": {
      "version": "1.5.0",
      "resolved": "https://registry.npmjs.org/@preact/signals-core/-/signals-core-1.5.0.tgz",
      "integrity": "sha512-U2diO1Z4i1n2IoFgMYmRdHWGObNrcuTRxyNEn7deSq2cru0vj0583HYQZHsAqcs7FE+hQyX3mjIV7LAfHCvy8w==",
      "funding": {
        "type": "opencollective",
        "url": "https://opencollective.com/preact"
      }
    },
    "node_modules/sprae": {
      "version": "8.0.0",
      "resolved": "https://registry.npmjs.org/sprae/-/sprae-8.0.0.tgz",
      "integrity": "sha512-MDGfETvdBXBd+sP58pRZg55Wwkfpzy7L8jiDKvZEmb8OHPQ7EyKtk+q/EsP9SUpVC7yLEnRfH8tVlVi1Sz5imw==",
      "dependencies": {
        "@preact/signals-core": "^1.5.0"
      }
    }
  },
  "dependencies": {
    "@preact/signals-core": {
      "version": "1.5.0",
      "resolved": "https://registry.npmjs.org/@preact/signals-core/-/signals-core-1.5.0.tgz",
      "integrity": "sha512-U2diO1Z4i1n2IoFgMYmRdHWGObNrcuTRxyNEn7deSq2cru0vj0583HYQZHsAqcs7FE+hQyX3mjIV7LAfHCvy8w=="
    },
    "sprae": {
      "version": "8.0.0",
      "resolved": "https://registry.npmjs.org/sprae/-/sprae-8.0.0.tgz",
      "integrity": "sha512-MDGfETvdBXBd+sP58pRZg55Wwkfpzy7L8jiDKvZEmb8OHPQ7EyKtk+q/EsP9SUpVC7yLEnRfH8tVlVi1Sz5imw==",
      "requires": {
        "@preact/signals-core": "^1.5.0"
      }
    }
  }
}
