{
  "name": "js-framework-benchmark-non-keyed-sprae",
  "version": "1.0.0",
  "lockfileVersion": 3,
  "requires": true,
  "packages": {
    "": {
      "name": "js-framework-benchmark-non-keyed-sprae",
      "version": "1.0.0",
      "dependencies": {
        "sprae": "^11.3.0"
      }
    },
    "node_modules/sprae": {
      "version": "11.3.0",
      "resolved": "https://registry.npmjs.org/sprae/-/sprae-11.3.0.tgz",
      "integrity": "sha512-7DZWd0C6ZmDt0s2he9DjsWdvEwx+LJN2YDSvuyEG9KrRV5Z13J+rEVt474XQFBQ86llSq7YLZUhMY+fYw+mb1A==",
      "license": "MIT"
    }
  }
}
