{
  "name": "js-framework-benchmark-non-keyed-sprae",
  "version": "1.0.0",
  "lockfileVersion": 2,
  "requires": true,
  "packages": {
    "": {
      "name": "js-framework-benchmark-non-keyed-sprae",
      "version": "1.0.0",
      "dependencies": {
        "sprae": "^10.1.1"
      }
    },
    "node_modules/sprae": {
      "version": "10.1.1",
      "resolved": "https://registry.npmjs.org/sprae/-/sprae-10.1.1.tgz",
      "integrity": "sha512-lXzywV2n/dDeZFW64J52LS/SJWpgimkT6ycdsaRC1CEU9A9NKNF8z03CMn2we6ADd6hp8vsnwdd1zkbdXGUDew==",
      "dependencies": {
        "ulive": "^1.0.2"
      }
    },
    "node_modules/ulive": {
      "version": "1.0.2",
      "resolved": "https://registry.npmjs.org/ulive/-/ulive-1.0.2.tgz",
      "integrity": "sha512-ejP7iKTzxtrhxQVdyfchH4rvZU5KRK0kT1ecEQ7oo82XZ1IUHWUrTdV2BGDylcZJcgh7j7f63FR8Y8j/xe815g=="
    }
  },
  "dependencies": {
    "sprae": {
      "version": "10.1.1",
      "resolved": "https://registry.npmjs.org/sprae/-/sprae-10.1.1.tgz",
      "integrity": "sha512-lXzywV2n/dDeZFW64J52LS/SJWpgimkT6ycdsaRC1CEU9A9NKNF8z03CMn2we6ADd6hp8vsnwdd1zkbdXGUDew==",
      "requires": {
        "ulive": "^1.0.2"
      }
    },
    "ulive": {
      "version": "1.0.2",
      "resolved": "https://registry.npmjs.org/ulive/-/ulive-1.0.2.tgz",
      "integrity": "sha512-ejP7iKTzxtrhxQVdyfchH4rvZU5KRK0kT1ecEQ7oo82XZ1IUHWUrTdV2BGDylcZJcgh7j7f63FR8Y8j/xe815g=="
    }
  }
}
